
Microsoft Visual Studio Solution File, Format Version 12.00
# Visual Studio Version 17
VisualStudioVersion = 17.1.32421.90
MinimumVisualStudioVersion = 10.0.40219.1
Project("{FAE04EC0-301F-11D3-BF4B-00C04F79EFBC}") = "CashTest", "CashTest.csproj", "{D95337A1-3D2F-4BE0-8C31-602F288B0D17}"
EndProject
Global
	GlobalSection(SolutionConfigurationPlatforms) = preSolution
		Debug|Any CPU = Debug|Any CPU
		Release|Any CPU = Release|Any CPU
	EndGlobalSection
	GlobalSection(ProjectConfigurationPlatforms) = postSolution
		{D95337A1-3D2F-4BE0-8C31-602F288B0D17}.Debug|Any CPU.ActiveCfg = Debug|Any CPU
		{D95337A1-3D2F-4BE0-8C31-602F288B0D17}.Debug|Any CPU.Build.0 = Debug|Any CPU
		{D95337A1-3D2F-4BE0-8C31-602F288B0D17}.Release|Any CPU.ActiveCfg = Release|Any CPU
		{D95337A1-3D2F-4BE0-8C31-602F288B0D17}.Release|Any CPU.Build.0 = Release|Any CPU
	EndGlobalSection
	GlobalSection(SolutionProperties) = preSolution
		HideSolutionNode = FALSE
	EndGlobalSection
	GlobalSection(ExtensibilityGlobals) = postSolution
		SolutionGuid = {AC593512-E12F-40DA-911C-EB301D3B0FE3}
	EndGlobalSection
EndGlobal
